<?xml version="1.0" encoding="utf-8"?>
<Project ToolsVersion="4.0" xmlns="http://schemas.microsoft.com/developer/msbuild/2003">
  <ItemGroup>
    <Filter Include="Source Files">
      <UniqueIdentifier>{4FC737F1-C7A5-4376-A066-2A32D752A2FF}</UniqueIdentifier>
      <Extensions>cpp;c;cc;cxx;c++;cppm;ixx;def;odl;idl;hpj;bat;asm;asmx</Extensions>
    </Filter>
    <Filter Include="Header Files">
      <UniqueIdentifier>{93995380-89BD-4b04-88EB-625FBE52EBFB}</UniqueIdentifier>
      <Extensions>h;hh;hpp;hxx;h++;hm;inl;inc;ipp;xsd</Extensions>
    </Filter>
    <Filter Include="Resource Files">
      <UniqueIdentifier>{67DA6AB6-F800-4c08-8B7A-83BB121AAD01}</UniqueIdentifier>
      <Extensions>rc;ico;cur;bmp;dlg;rc2;rct;bin;rgs;gif;jpg;jpeg;jpe;resx;tiff;tif;png;wav;mfcribbon-ms</Extensions>
    </Filter>
  </ItemGroup>
  <ItemGroup>
    <ClInclude Include="source\pch.h">
      <Filter>Header Files</Filter>
    </ClInclude>
    <ClInclude Include="source\file.hpp">
      <Filter>Header Files</Filter>
    </ClInclude>
    <ClInclude Include="source\xor_.h">
      <Filter>Header Files</Filter>
    </ClInclude>
    <ClInclude Include="source\patterns\scanner\pattern.hpp">
      <Filter>Header Files</Filter>
    </ClInclude>
    <ClInclude Include="source\patterns\patterns.hpp">
      <Filter>Header Files</Filter>
    </ClInclude>
    <ClInclude Include="source\renderer\renderer.hpp">
      <Filter>Header Files</Filter>
    </ClInclude>
    <ClInclude Include="source\interface\interface.hpp">
      <Filter>Header Files</Filter>
    </ClInclude>
    <ClInclude Include="source\interface\widgets\widgets.hpp">
      <Filter>Header Files</Filter>
    </ClInclude>
    <ClInclude Include="source\interface\variables\colors.hpp">
      <Filter>Header Files</Filter>
    </ClInclude>
    <ClInclude Include="source\interface\variables\fonts.hpp">
      <Filter>Header Files</Filter>
    </ClInclude>
    <ClInclude Include="source\hooking\detour.hpp">
      <Filter>Header Files</Filter>
    </ClInclude>
    <ClInclude Include="source\hooking\hooks.hpp">
      <Filter>Header Files</Filter>
    </ClInclude>
    <ClInclude Include="source\interface\fonts\fonts.hpp">
      <Filter>Header Files</Filter>
    </ClInclude>
    <ClInclude Include="source\misc\keycodes.hpp">
      <Filter>Header Files</Filter>
    </ClInclude>
    <ClInclude Include="source\fiber\fiber_pool.hpp">
      <Filter>Header Files</Filter>
    </ClInclude>
    <ClInclude Include="source\fiber\script.hpp">
      <Filter>Header Files</Filter>
    </ClInclude>
    <ClInclude Include="source\fiber\script_mgr.hpp">
      <Filter>Header Files</Filter>
    </ClInclude>
    <ClInclude Include="source\gta\native_context.hpp">
      <Filter>Header Files</Filter>
    </ClInclude>
    <ClInclude Include="source\native\invoker.hpp">
      <Filter>Header Files</Filter>
    </ClInclude>
    <ClInclude Include="source\native\crossmap.hpp">
      <Filter>Header Files</Filter>
    </ClInclude>
    <ClInclude Include="source\vars\self_vars.hpp">
      <Filter>Header Files</Filter>
    </ClInclude>
    <ClInclude Include="source\vars\self_component.hpp">
      <Filter>Header Files</Filter>
    </ClInclude>
    <ClInclude Include="source\native\natives.hpp">
      <Filter>Header Files</Filter>
    </ClInclude>
    <ClInclude Include="source\gta\types.hpp">
      <Filter>Header Files</Filter>
    </ClInclude>
    <ClInclude Include="source\gta\util.hpp">
      <Filter>Header Files</Filter>
    </ClInclude>
    <ClInclude Include="source\tick\ticks.hpp">
      <Filter>Header Files</Filter>
    </ClInclude>
    <ClInclude Include="source\gta\globals.hpp">
      <Filter>Header Files</Filter>
    </ClInclude>
    <ClInclude Include="source\misc\animations_list.hpp">
      <Filter>Header Files</Filter>
    </ClInclude>
    <ClInclude Include="source\vars\weapon_vars.hpp">
      <Filter>Header Files</Filter>
    </ClInclude>
    <ClInclude Include="source\gta\enums.hpp">
      <Filter>Header Files</Filter>
    </ClInclude>
    <ClInclude Include="source\misc\load_model.hpp">
      <Filter>Header Files</Filter>
    </ClInclude>
    <ClInclude Include="source\misc\calc_vector3.hpp">
      <Filter>Header Files</Filter>
    </ClInclude>
    <ClInclude Include="source\misc\weapons.hpp">
      <Filter>Header Files</Filter>
    </ClInclude>
    <ClInclude Include="source\vars\world_vars.hpp">
      <Filter>Header Files</Filter>
    </ClInclude>
    <ClInclude Include="externals\GTAV-Classes\datanodes\automobile\CAutomobileCreationNode.hpp">
      <Filter>Header Files</Filter>
    </ClInclude>
    <ClInclude Include="externals\GTAV-Classes\datanodes\door\CDoorCreationDataNode.hpp">
      <Filter>Header Files</Filter>
    </ClInclude>
    <ClInclude Include="externals\GTAV-Classes\datanodes\dynamic_entity\CDynamicEntityGameStateDataNode.hpp">
      <Filter>Header Files</Filter>
    </ClInclude>
    <ClInclude Include="externals\GTAV-Classes\datanodes\entity\CEntityOrientationDataNode.hpp">
      <Filter>Header Files</Filter>
    </ClInclude>
    <ClInclude Include="externals\GTAV-Classes\datanodes\entity\CEntityScriptGameStateDataNode.hpp">
      <Filter>Header Files</Filter>
    </ClInclude>
    <ClInclude Include="externals\GTAV-Classes\datanodes\object\CObjectCreationDataNode.hpp">
      <Filter>Header Files</Filter>
    </ClInclude>
    <ClInclude Include="externals\GTAV-Classes\datanodes\ped\CPedAIDataNode.hpp">
      <Filter>Header Files</Filter>
    </ClInclude>
    <ClInclude Include="externals\GTAV-Classes\datanodes\ped\CPedAppearanceDataNode.hpp">
      <Filter>Header Files</Filter>
    </ClInclude>
    <ClInclude Include="externals\GTAV-Classes\datanodes\ped\CPedAttachDataNode.hpp">
      <Filter>Header Files</Filter>
    </ClInclude>
    <ClInclude Include="externals\GTAV-Classes\datanodes\ped\CPedCreationDataNode.hpp">
      <Filter>Header Files</Filter>
    </ClInclude>
    <ClInclude Include="externals\GTAV-Classes\datanodes\ped\CPedGameStateDataNode.hpp">
      <Filter>Header Files</Filter>
    </ClInclude>
    <ClInclude Include="externals\GTAV-Classes\datanodes\ped\CPedHealthDataNode.hpp">
      <Filter>Header Files</Filter>
    </ClInclude>
    <ClInclude Include="externals\GTAV-Classes\datanodes\ped\CPedInventoryDataNode.hpp">
      <Filter>Header Files</Filter>
    </ClInclude>
    <ClInclude Include="externals\GTAV-Classes\datanodes\ped\CPedMovementDataNode.hpp">
      <Filter>Header Files</Filter>
    </ClInclude>
    <ClInclude Include="externals\GTAV-Classes\datanodes\ped\CPedOrientationDataNode.hpp">
      <Filter>Header Files</Filter>
    </ClInclude>
    <ClInclude Include="externals\GTAV-Classes\datanodes\ped\CPedScriptCreationDataNode.hpp">
      <Filter>Header Files</Filter>
    </ClInclude>
    <ClInclude Include="externals\GTAV-Classes\datanodes\ped\CPedTaskSpecificDataNode.hpp">
      <Filter>Header Files</Filter>
    </ClInclude>
    <ClInclude Include="externals\GTAV-Classes\datanodes\physical\CPhysicalAngVelocityDataNode.hpp">
      <Filter>Header Files</Filter>
    </ClInclude>
    <ClInclude Include="externals\GTAV-Classes\datanodes\physical\CPhysicalAttachDataNode.hpp">
      <Filter>Header Files</Filter>
    </ClInclude>
    <ClInclude Include="externals\GTAV-Classes\datanodes\physical\CPhysicalHealthDataNode.hpp">
      <Filter>Header Files</Filter>
    </ClInclude>
    <ClInclude Include="externals\GTAV-Classes\datanodes\physical\CPhysicalVelocityDataNode.hpp">
      <Filter>Header Files</Filter>
    </ClInclude>
    <ClInclude Include="externals\GTAV-Classes\datanodes\pickup\CPickupCreationDataNode.hpp">
      <Filter>Header Files</Filter>
    </ClInclude>
    <ClInclude Include="externals\GTAV-Classes\datanodes\pickup_placement\CPickupPlacementCreationDataNode.hpp">
      <Filter>Header Files</Filter>
    </ClInclude>
    <ClInclude Include="externals\GTAV-Classes\datanodes\player\CPlayerAppearanceDataNode.hpp">
      <Filter>Header Files</Filter>
    </ClInclude>
    <ClInclude Include="externals\GTAV-Classes\datanodes\player\CPlayerCreationDataNode.hpp">
      <Filter>Header Files</Filter>
    </ClInclude>
    <ClInclude Include="externals\GTAV-Classes\datanodes\player\CPlayerGamerDataNode.hpp">
      <Filter>Header Files</Filter>
    </ClInclude>
    <ClInclude Include="externals\GTAV-Classes\datanodes\player\CPlayerGameStateDataNode.hpp">
      <Filter>Header Files</Filter>
    </ClInclude>
    <ClInclude Include="externals\GTAV-Classes\datanodes\player\CPlayerSectorPosNode.hpp">
      <Filter>Header Files</Filter>
    </ClInclude>
    <ClInclude Include="externals\GTAV-Classes\datanodes\proximity_migrateable\CGlobalFlagsDataNode.hpp">
      <Filter>Header Files</Filter>
    </ClInclude>
    <ClInclude Include="externals\GTAV-Classes\datanodes\proximity_migrateable\CMigrationDataNode.hpp">
      <Filter>Header Files</Filter>
    </ClInclude>
    <ClInclude Include="externals\GTAV-Classes\datanodes\proximity_migrateable\CSectorDataNode.hpp">
      <Filter>Header Files</Filter>
    </ClInclude>
    <ClInclude Include="externals\GTAV-Classes\datanodes\proximity_migrateable\CSectorPositionDataNode.hpp">
      <Filter>Header Files</Filter>
    </ClInclude>
    <ClInclude Include="externals\GTAV-Classes\datanodes\task\ClonedTakeOffPedVariationInfo.hpp">
      <Filter>Header Files</Filter>
    </ClInclude>
    <ClInclude Include="externals\GTAV-Classes\datanodes\train\CTrainGameStateDataNode.hpp">
      <Filter>Header Files</Filter>
    </ClInclude>
    <ClInclude Include="externals\GTAV-Classes\datanodes\vehicle\CVehicleCreationDataNode.hpp">
      <Filter>Header Files</Filter>
    </ClInclude>
    <ClInclude Include="externals\GTAV-Classes\datanodes\vehicle\CVehicleGadgetDataNode.hpp">
      <Filter>Header Files</Filter>
    </ClInclude>
    <ClInclude Include="externals\GTAV-Classes\datanodes\CPedComponents.hpp">
      <Filter>Header Files</Filter>
    </ClInclude>
    <ClInclude Include="source\misc\ped_list.hpp">
      <Filter>Header Files</Filter>
    </ClInclude>
    <ClInclude Include="source\misc\change_ped_model.hpp">
      <Filter>Header Files</Filter>
    </ClInclude>
    <ClInclude Include="source\misc\compare_string.hpp">
      <Filter>Header Files</Filter>
    </ClInclude>
    <ClInclude Include="source\misc\download_file.hpp">
      <Filter>Header Files</Filter>
    </ClInclude>
    <ClInclude Include="source\misc\save_outfit.hpp">
      <Filter>Header Files</Filter>
    </ClInclude>
    <ClInclude Include="source\misc\save_json.hpp">
      <Filter>Header Files</Filter>
    </ClInclude>
    <ClInclude Include="source\feature\feature.hpp">
      <Filter>Header Files</Filter>
    </ClInclude>
    <ClInclude Include="source\feature\self_features.hpp">
      <Filter>Header Files</Filter>
    </ClInclude>
    <ClInclude Include="source\misc\vehicle_spawner.hpp">
      <Filter>Header Files</Filter>
    </ClInclude>
    <ClInclude Include="source\misc\spawner.hpp">
      <Filter>Header Files</Filter>
    </ClInclude>
    <ClInclude Include="source\vars\network_vars.hpp">
      <Filter>Header Files</Filter>
    </ClInclude>
    <ClInclude Include="source\feature\teleport_features.hpp">
      <Filter>Header Files</Filter>
    </ClInclude>
    <ClInclude Include="source\gta\vfx_classes.hpp">
      <Filter>Header Files</Filter>
    </ClInclude>
    <ClInclude Include="source\feature\vehicle_features.hpp">
      <Filter>Header Files</Filter>
    </ClInclude>
    <ClInclude Include="source\vars\self_vehicle.hpp">
      <Filter>Header Files</Filter>
    </ClInclude>
    <ClInclude Include="source\backend\backend.hpp">
      <Filter>Header Files</Filter>
    </ClInclude>
    <ClInclude Include="source\backend\download_file.hpp">
      <Filter>Header Files</Filter>
    </ClInclude>
    <ClInclude Include="source\misc\save_vehicle_handling.hpp">
      <Filter>Header Files</Filter>
    </ClInclude>
    <ClInclude Include="source\interface\notification\notification.hpp">
      <Filter>Header Files</Filter>
    </ClInclude>
    <ClInclude Include="source\gta\net_game_event.hpp">
      <Filter>Header Files</Filter>
    </ClInclude>
    <ClInclude Include="source\hooking\hooks\protections\process_script_event.hpp">
      <Filter>Header Files</Filter>
    </ClInclude>
    <ClInclude Include="source\player\player.hpp">
      <Filter>Header Files</Filter>
    </ClInclude>
    <ClInclude Include="source\logger\logger.hpp">
      <Filter>Header Files</Filter>
    </ClInclude>
    <ClInclude Include="source\misc\save_teleport.hpp">
      <Filter>Header Files</Filter>
    </ClInclude>
    <ClInclude Include="source\misc\load_translation.hpp">
      <Filter>Header Files</Filter>
    </ClInclude>
    <ClInclude Include="source\make\make.hpp">
      <Filter>Header Files</Filter>
    </ClInclude>
    <ClInclude Include="source\misc\rp_levels.hpp">
      <Filter>Header Files</Filter>
    </ClInclude>
    <ClInclude Include="source\player\modder.hpp">
      <Filter>Header Files</Filter>
    </ClInclude>
    <ClInclude Include="source\player\leaderboard.hpp">
      <Filter>Header Files</Filter>
    </ClInclude>
    <ClInclude Include="externals\distrom\distorm.h">
      <Filter>Header Files</Filter>
    </ClInclude>
    <ClInclude Include="externals\distrom\mnemonics.h">
      <Filter>Header Files</Filter>
    </ClInclude>
    <ClInclude Include="source\misc\player_crashes.hpp">
      <Filter>Header Files</Filter>
    </ClInclude>
    <ClInclude Include="source\misc\save_vfx.hpp">
      <Filter>Header Files</Filter>
    </ClInclude>
    <ClInclude Include="externals\GTAV-Classes\base\atRTTI.hpp">
      <Filter>Header Files</Filter>
    </ClInclude>
    <ClInclude Include="externals\GTAV-Classes\base\CBaseModelInfo.hpp">
      <Filter>Header Files</Filter>
    </ClInclude>
    <ClInclude Include="externals\GTAV-Classes\base\CNavigation.hpp">
      <Filter>Header Files</Filter>
    </ClInclude>
    <ClInclude Include="externals\GTAV-Classes\base\CObject.hpp">
      <Filter>Header Files</Filter>
    </ClInclude>
    <ClInclude Include="externals\GTAV-Classes\base\datBase.hpp">
      <Filter>Header Files</Filter>
    </ClInclude>
    <ClInclude Include="externals\GTAV-Classes\base\fwArchetype.hpp">
      <Filter>Header Files</Filter>
    </ClInclude>
    <ClInclude Include="externals\GTAV-Classes\base\fwArchetypeDef.hpp">
      <Filter>Header Files</Filter>
    </ClInclude>
    <ClInclude Include="externals\GTAV-Classes\base\fwExtensibleBase.hpp">
      <Filter>Header Files</Filter>
    </ClInclude>
    <ClInclude Include="externals\GTAV-Classes\base\fwExtension.hpp">
      <Filter>Header Files</Filter>
    </ClInclude>
    <ClInclude Include="externals\GTAV-Classes\base\fwExtensionContainer.hpp">
      <Filter>Header Files</Filter>
    </ClInclude>
    <ClInclude Include="externals\GTAV-Classes\base\fwRefAwareBase.hpp">
      <Filter>Header Files</Filter>
    </ClInclude>
    <ClInclude Include="externals\GTAV-Classes\base\fwRefAwareBaseImpl.hpp">
      <Filter>Header Files</Filter>
    </ClInclude>
    <ClInclude Include="externals\GTAV-Classes\base\HashTable.hpp">
      <Filter>Header Files</Filter>
    </ClInclude>
    <ClInclude Include="externals\GTAV-Classes\base\pgBase.hpp">
      <Filter>Header Files</Filter>
    </ClInclude>
    <ClInclude Include="externals\GTAV-Classes\base\phArchetype.hpp">
      <Filter>Header Files</Filter>
    </ClInclude>
    <ClInclude Include="externals\GTAV-Classes\base\phBound.hpp">
      <Filter>Header Files</Filter>
    </ClInclude>
    <ClInclude Include="externals\GTAV-Classes\base\phBoundCapsule.hpp">
      <Filter>Header Files</Filter>
    </ClInclude>
    <ClInclude Include="externals\GTAV-Classes\base\phBoundComposite.hpp">
      <Filter>Header Files</Filter>
    </ClInclude>
    <ClInclude Include="externals\GTAV-Classes\camera\CCameraAngles.hpp">
      <Filter>Header Files</Filter>
    </ClInclude>
    <ClInclude Include="externals\GTAV-Classes\camera\CCameraManagerAngles.hpp">
      <Filter>Header Files</Filter>
    </ClInclude>
    <ClInclude Include="externals\GTAV-Classes\camera\CGameCameraAngles.hpp">
      <Filter>Header Files</Filter>
    </ClInclude>
    <ClInclude Include="externals\GTAV-Classes\draw_handlers\CEntityDrawHandler.hpp">
      <Filter>Header Files</Filter>
    </ClInclude>
    <ClInclude Include="externals\GTAV-Classes\draw_handlers\CObjectDrawHandler.hpp">
      <Filter>Header Files</Filter>
    </ClInclude>
    <ClInclude Include="externals\GTAV-Classes\draw_handlers\CPedDrawHandler.hpp">
      <Filter>Header Files</Filter>
    </ClInclude>
    <ClInclude Include="externals\GTAV-Classes\draw_handlers\CVehicleDrawHandler.hpp">
      <Filter>Header Files</Filter>
    </ClInclude>
    <ClInclude Include="externals\GTAV-Classes\draw_handlers\fwDrawData.hpp">
      <Filter>Header Files</Filter>
    </ClInclude>
    <ClInclude Include="externals\GTAV-Classes\entities\CAttackers.hpp">
      <Filter>Header Files</Filter>
    </ClInclude>
    <ClInclude Include="externals\GTAV-Classes\entities\CDynamicEntity.hpp">
      <Filter>Header Files</Filter>
    </ClInclude>
    <ClInclude Include="externals\GTAV-Classes\entities\CEntity.hpp">
      <Filter>Header Files</Filter>
    </ClInclude>
    <ClInclude Include="externals\GTAV-Classes\entities\CPhysical.hpp">
      <Filter>Header Files</Filter>
    </ClInclude>
    <ClInclude Include="externals\GTAV-Classes\entities\fwEntity.hpp">
      <Filter>Header Files</Filter>
    </ClInclude>
    <ClInclude Include="externals\GTAV-Classes\enums\eExplosionTag.hpp">
      <Filter>Header Files</Filter>
    </ClInclude>
    <ClInclude Include="externals\GTAV-Classes\enums\eHandlingType.hpp">
      <Filter>Header Files</Filter>
    </ClInclude>
    <ClInclude Include="externals\GTAV-Classes\misc\CTunables.hpp">
      <Filter>Header Files</Filter>
    </ClInclude>
    <ClInclude Include="externals\GTAV-Classes\netsync\nodes\automobile\CAutomobileCreationNode.hpp">
      <Filter>Header Files</Filter>
    </ClInclude>
    <ClInclude Include="externals\GTAV-Classes\netsync\nodes\door\CDoorCreationDataNode.hpp">
      <Filter>Header Files</Filter>
    </ClInclude>
    <ClInclude Include="externals\GTAV-Classes\netsync\nodes\door\CDoorMovementDataNode.hpp">
      <Filter>Header Files</Filter>
    </ClInclude>
    <ClInclude Include="externals\GTAV-Classes\netsync\nodes\door\CDoorScriptGameStateDataNode.hpp">
      <Filter>Header Files</Filter>
    </ClInclude>
    <ClInclude Include="externals\GTAV-Classes\netsync\nodes\door\CDoorScriptInfoDataNode.hpp">
      <Filter>Header Files</Filter>
    </ClInclude>
    <ClInclude Include="externals\GTAV-Classes\netsync\nodes\dynamic_entity\CDynamicEntityGameStateDataNode.hpp">
      <Filter>Header Files</Filter>
    </ClInclude>
    <ClInclude Include="externals\GTAV-Classes\netsync\nodes\entity\CEntityOrientationDataNode.hpp">
      <Filter>Header Files</Filter>
    </ClInclude>
    <ClInclude Include="externals\GTAV-Classes\netsync\nodes\entity\CEntityScriptGameStateDataNode.hpp">
      <Filter>Header Files</Filter>
    </ClInclude>
    <ClInclude Include="externals\GTAV-Classes\netsync\nodes\entity\CEntityScriptInfoDataNode.hpp">
      <Filter>Header Files</Filter>
    </ClInclude>
    <ClInclude Include="externals\GTAV-Classes\netsync\nodes\object\CObjectCreationDataNode.hpp">
      <Filter>Header Files</Filter>
    </ClInclude>
    <ClInclude Include="externals\GTAV-Classes\netsync\nodes\ped\CPedAIDataNode.hpp">
      <Filter>Header Files</Filter>
    </ClInclude>
    <ClInclude Include="externals\GTAV-Classes\netsync\nodes\ped\CPedAppearanceDataNode.hpp">
      <Filter>Header Files</Filter>
    </ClInclude>
    <ClInclude Include="externals\GTAV-Classes\netsync\nodes\ped\CPedAttachDataNode.hpp">
      <Filter>Header Files</Filter>
    </ClInclude>
    <ClInclude Include="externals\GTAV-Classes\netsync\nodes\ped\CPedComponentReservationDataNode.hpp">
      <Filter>Header Files</Filter>
    </ClInclude>
    <ClInclude Include="externals\GTAV-Classes\netsync\nodes\ped\CPedCreationDataNode.hpp">
      <Filter>Header Files</Filter>
    </ClInclude>
    <ClInclude Include="externals\GTAV-Classes\netsync\nodes\ped\CPedGameStateDataNode.hpp">
      <Filter>Header Files</Filter>
    </ClInclude>
    <ClInclude Include="externals\GTAV-Classes\netsync\nodes\ped\CPedHealthDataNode.hpp">
      <Filter>Header Files</Filter>
    </ClInclude>
    <ClInclude Include="externals\GTAV-Classes\netsync\nodes\ped\CPedInventoryDataNode.hpp">
      <Filter>Header Files</Filter>
    </ClInclude>
    <ClInclude Include="externals\GTAV-Classes\netsync\nodes\ped\CPedMovementDataNode.hpp">
      <Filter>Header Files</Filter>
    </ClInclude>
    <ClInclude Include="externals\GTAV-Classes\netsync\nodes\ped\CPedOrientationDataNode.hpp">
      <Filter>Header Files</Filter>
    </ClInclude>
    <ClInclude Include="externals\GTAV-Classes\netsync\nodes\ped\CPedScriptCreationDataNode.hpp">
      <Filter>Header Files</Filter>
    </ClInclude>
    <ClInclude Include="externals\GTAV-Classes\netsync\nodes\ped\CPedTaskSpecificDataNode.hpp">
      <Filter>Header Files</Filter>
    </ClInclude>
    <ClInclude Include="externals\GTAV-Classes\netsync\nodes\physical\CPhysicalAngVelocityDataNode.hpp">
      <Filter>Header Files</Filter>
    </ClInclude>
    <ClInclude Include="externals\GTAV-Classes\netsync\nodes\physical\CPhysicalAttachDataNode.hpp">
      <Filter>Header Files</Filter>
    </ClInclude>
    <ClInclude Include="externals\GTAV-Classes\netsync\nodes\physical\CPhysicalHealthDataNode.hpp">
      <Filter>Header Files</Filter>
    </ClInclude>
    <ClInclude Include="externals\GTAV-Classes\netsync\nodes\physical\CPhysicalMigrationDataNode.hpp">
      <Filter>Header Files</Filter>
    </ClInclude>
    <ClInclude Include="externals\GTAV-Classes\netsync\nodes\physical\CPhysicalScriptMigrationDataNode.hpp">
      <Filter>Header Files</Filter>
    </ClInclude>
    <ClInclude Include="externals\GTAV-Classes\netsync\nodes\physical\CPhysicalVelocityDataNode.hpp">
      <Filter>Header Files</Filter>
    </ClInclude>
    <ClInclude Include="externals\GTAV-Classes\netsync\nodes\pickup\CPickupCreationDataNode.hpp">
      <Filter>Header Files</Filter>
    </ClInclude>
    <ClInclude Include="externals\GTAV-Classes\netsync\nodes\pickup_placement\CPickupPlacementCreationDataNode.hpp">
      <Filter>Header Files</Filter>
    </ClInclude>
    <ClInclude Include="externals\GTAV-Classes\netsync\nodes\player\CPlayerAppearanceDataNode.hpp">
      <Filter>Header Files</Filter>
    </ClInclude>
    <ClInclude Include="externals\GTAV-Classes\netsync\nodes\player\CPlayerCameraDataNode.hpp">
      <Filter>Header Files</Filter>
    </ClInclude>
    <ClInclude Include="externals\GTAV-Classes\netsync\nodes\player\CPlayerCreationDataNode.hpp">
      <Filter>Header Files</Filter>
    </ClInclude>
    <ClInclude Include="externals\GTAV-Classes\netsync\nodes\player\CPlayerGamerDataNode.hpp">
      <Filter>Header Files</Filter>
    </ClInclude>
    <ClInclude Include="externals\GTAV-Classes\netsync\nodes\player\CPlayerGameStateDataNode.hpp">
      <Filter>Header Files</Filter>
    </ClInclude>
    <ClInclude Include="externals\GTAV-Classes\netsync\nodes\player\CPlayerSectorPosNode.hpp">
      <Filter>Header Files</Filter>
    </ClInclude>
    <ClInclude Include="externals\GTAV-Classes\netsync\nodes\proximity_migrateable\CGlobalFlagsDataNode.hpp">
      <Filter>Header Files</Filter>
    </ClInclude>
    <ClInclude Include="externals\GTAV-Classes\netsync\nodes\proximity_migrateable\CMigrationDataNode.hpp">
      <Filter>Header Files</Filter>
    </ClInclude>
    <ClInclude Include="externals\GTAV-Classes\netsync\nodes\proximity_migrateable\CSectorDataNode.hpp">
      <Filter>Header Files</Filter>
    </ClInclude>
    <ClInclude Include="externals\GTAV-Classes\netsync\nodes\proximity_migrateable\CSectorPositionDataNode.hpp">
      <Filter>Header Files</Filter>
    </ClInclude>
    <ClInclude Include="externals\GTAV-Classes\netsync\nodes\task\CClonedGeneralSweepInfo.hpp">
      <Filter>Header Files</Filter>
    </ClInclude>
    <ClInclude Include="externals\GTAV-Classes\netsync\nodes\task\ClonedTakeOffPedVariationInfo.hpp">
      <Filter>Header Files</Filter>
    </ClInclude>
    <ClInclude Include="externals\GTAV-Classes\netsync\nodes\train\CTrainGameStateDataNode.hpp">
      <Filter>Header Files</Filter>
    </ClInclude>
    <ClInclude Include="externals\GTAV-Classes\netsync\nodes\vehicle\CVehicleCreationDataNode.hpp">
      <Filter>Header Files</Filter>
    </ClInclude>
    <ClInclude Include="externals\GTAV-Classes\netsync\nodes\vehicle\CVehicleGadgetDataNode.hpp">
      <Filter>Header Files</Filter>
    </ClInclude>
    <ClInclude Include="externals\GTAV-Classes\netsync\nodes\vehicle\CVehicleProximityMigrationDataNode.hpp">
      <Filter>Header Files</Filter>
    </ClInclude>
    <ClInclude Include="externals\GTAV-Classes\netsync\nodes\CPedComponents.hpp">
      <Filter>Header Files</Filter>
    </ClInclude>
    <ClInclude Include="externals\GTAV-Classes\netsync\trees\CDynamicEntitySyncTreeBase.hpp">
      <Filter>Header Files</Filter>
    </ClInclude>
    <ClInclude Include="externals\GTAV-Classes\netsync\trees\CEntitySyncTreeBase.hpp">
      <Filter>Header Files</Filter>
    </ClInclude>
    <ClInclude Include="externals\GTAV-Classes\netsync\trees\CPhysicalSyncTreeBase.hpp">
      <Filter>Header Files</Filter>
    </ClInclude>
    <ClInclude Include="externals\GTAV-Classes\netsync\trees\CProximityMigrateableSyncTreeBase.hpp">
      <Filter>Header Files</Filter>
    </ClInclude>
    <ClInclude Include="externals\GTAV-Classes\netsync\CProjectBaseSyncDataNode.hpp">
      <Filter>Header Files</Filter>
    </ClInclude>
    <ClInclude Include="externals\GTAV-Classes\netsync\CProjectSyncTree.hpp">
      <Filter>Header Files</Filter>
    </ClInclude>
    <ClInclude Include="externals\GTAV-Classes\netsync\netSyncDataNode.hpp">
      <Filter>Header Files</Filter>
    </ClInclude>
    <ClInclude Include="externals\GTAV-Classes\netsync\netSyncNodeBase.hpp">
      <Filter>Header Files</Filter>
    </ClInclude>
    <ClInclude Include="externals\GTAV-Classes\netsync\netSyncParentNode.hpp">
      <Filter>Header Files</Filter>
    </ClInclude>
    <ClInclude Include="externals\GTAV-Classes\netsync\netSyncTree.hpp">
      <Filter>Header Files</Filter>
    </ClInclude>
    <ClInclude Include="externals\GTAV-Classes\netsync\NodeCommonDataOperations.hpp">
      <Filter>Header Files</Filter>
    </ClInclude>
    <ClInclude Include="externals\GTAV-Classes\network\CCommunications.hpp">
      <Filter>Header Files</Filter>
    </ClInclude>
    <ClInclude Include="externals\GTAV-Classes\network\ChatData.hpp">
      <Filter>Header Files</Filter>
    </ClInclude>
    <ClInclude Include="externals\GTAV-Classes\network\CJoinRequestContext.hpp">
      <Filter>Header Files</Filter>
    </ClInclude>
    <ClInclude Include="externals\GTAV-Classes\network\ClanData.hpp">
      <Filter>Header Files</Filter>
    </ClInclude>
    <ClInclude Include="externals\GTAV-Classes\network\CMsgJoinResponse.hpp">
      <Filter>Header Files</Filter>
    </ClInclude>
    <ClInclude Include="externals\GTAV-Classes\network\CMsgTextMessage.hpp">
      <Filter>Header Files</Filter>
    </ClInclude>
    <ClInclude Include="externals\GTAV-Classes\network\CNetComplaintMgr.hpp">
      <Filter>Header Files</Filter>
    </ClInclude>
    <ClInclude Include="externals\GTAV-Classes\network\CNetGamePlayer.hpp">
      <Filter>Header Files</Filter>
    </ClInclude>
    <ClInclude Include="externals\GTAV-Classes\network\CNetGamePlayerDataMsg.hpp">
      <Filter>Header Files</Filter>
    </ClInclude>
    <ClInclude Include="externals\GTAV-Classes\network\CNetworkPlayerMgr.hpp">
      <Filter>Header Files</Filter>
    </ClInclude>
    <ClInclude Include="externals\GTAV-Classes\network\netObject.hpp">
      <Filter>Header Files</Filter>
    </ClInclude>
    <ClInclude Include="externals\GTAV-Classes\network\netPlayer.hpp">
      <Filter>Header Files</Filter>
    </ClInclude>
    <ClInclude Include="externals\GTAV-Classes\network\netPlayerMgrBase.hpp">
      <Filter>Header Files</Filter>
    </ClInclude>
    <ClInclude Include="externals\GTAV-Classes\network\netTime.hpp">
      <Filter>Header Files</Filter>
    </ClInclude>
    <ClInclude Include="externals\GTAV-Classes\network\Network.hpp">
      <Filter>Header Files</Filter>
    </ClInclude>
    <ClInclude Include="externals\GTAV-Classes\network\RemoteGamerInfoMsg.hpp">
      <Filter>Header Files</Filter>
    </ClInclude>
    <ClInclude Include="externals\GTAV-Classes\network\snConnectToPeerTask.hpp">
      <Filter>Header Files</Filter>
    </ClInclude>
    <ClInclude Include="externals\GTAV-Classes\network\snSession.hpp">
      <Filter>Header Files</Filter>
    </ClInclude>
    <ClInclude Include="externals\GTAV-Classes\ped\CPed.hpp">
      <Filter>Header Files</Filter>
    </ClInclude>
    <ClInclude Include="externals\GTAV-Classes\ped\CPedBoneInfo.hpp">
      <Filter>Header Files</Filter>
    </ClInclude>
    <ClInclude Include="externals\GTAV-Classes\ped\CPedFactory.hpp">
      <Filter>Header Files</Filter>
    </ClInclude>
    <ClInclude Include="externals\GTAV-Classes\ped\CPedIntelligence.hpp">
      <Filter>Header Files</Filter>
    </ClInclude>
    <ClInclude Include="externals\GTAV-Classes\ped\CPedInventory.hpp">
      <Filter>Header Files</Filter>
    </ClInclude>
    <ClInclude Include="externals\GTAV-Classes\ped\CPedModelInfo.hpp">
      <Filter>Header Files</Filter>
    </ClInclude>
    <ClInclude Include="externals\GTAV-Classes\ped\CPedWeaponManager.hpp">
      <Filter>Header Files</Filter>
    </ClInclude>
    <ClInclude Include="externals\GTAV-Classes\player\CNonPhysicalPlayerData.hpp">
      <Filter>Header Files</Filter>
    </ClInclude>
    <ClInclude Include="externals\GTAV-Classes\player\CPlayerAngles.hpp">
      <Filter>Header Files</Filter>
    </ClInclude>
    <ClInclude Include="externals\GTAV-Classes\player\CPlayerInfo.hpp">
      <Filter>Header Files</Filter>
    </ClInclude>
    <ClInclude Include="externals\GTAV-Classes\rage\atArray.hpp">
      <Filter>Header Files</Filter>
    </ClInclude>
    <ClInclude Include="externals\GTAV-Classes\rage\atSingleton.hpp">
      <Filter>Header Files</Filter>
    </ClInclude>
    <ClInclude Include="externals\GTAV-Classes\rage\joaat.hpp">
      <Filter>Header Files</Filter>
    </ClInclude>
    <ClInclude Include="externals\GTAV-Classes\rage\netSyncDataNodeBase.hpp">
      <Filter>Header Files</Filter>
    </ClInclude>
    <ClInclude Include="externals\GTAV-Classes\rage\netSyncNodeBase.hpp">
      <Filter>Header Files</Filter>
    </ClInclude>
    <ClInclude Include="externals\GTAV-Classes\rage\netSyncTree.hpp">
      <Filter>Header Files</Filter>
    </ClInclude>
    <ClInclude Include="externals\GTAV-Classes\rage\netTask.hpp">
      <Filter>Header Files</Filter>
    </ClInclude>
    <ClInclude Include="externals\GTAV-Classes\rage\rlGamerHandle.hpp">
      <Filter>Header Files</Filter>
    </ClInclude>
    <ClInclude Include="externals\GTAV-Classes\rage\rlGamerInfo.hpp">
      <Filter>Header Files</Filter>
    </ClInclude>
    <ClInclude Include="externals\GTAV-Classes\rage\rlGamerInfoBase.hpp">
      <Filter>Header Files</Filter>
    </ClInclude>
    <ClInclude Include="externals\GTAV-Classes\rage\rlMetric.hpp">
      <Filter>Header Files</Filter>
    </ClInclude>
    <ClInclude Include="externals\GTAV-Classes\rage\rlQueryPresenceAttributesContext.hpp">
      <Filter>Header Files</Filter>
    </ClInclude>
    <ClInclude Include="externals\GTAV-Classes\rage\rlScHandle.hpp">
      <Filter>Header Files</Filter>
    </ClInclude>
    <ClInclude Include="externals\GTAV-Classes\rage\rlSessionByGamerTaskResult.hpp">
      <Filter>Header Files</Filter>
    </ClInclude>
    <ClInclude Include="externals\GTAV-Classes\rage\rlSessionInfo.hpp">
      <Filter>Header Files</Filter>
    </ClInclude>
    <ClInclude Include="externals\GTAV-Classes\rage\rlTaskStatus.hpp">
      <Filter>Header Files</Filter>
    </ClInclude>
    <ClInclude Include="externals\GTAV-Classes\rage\sysMemAllocator.hpp">
      <Filter>Header Files</Filter>
    </ClInclude>
    <ClInclude Include="externals\GTAV-Classes\rage\vector.hpp">
      <Filter>Header Files</Filter>
    </ClInclude>
    <ClInclude Include="externals\GTAV-Classes\script\globals\g_AMC_playerBD.hpp">
      <Filter>Header Files</Filter>
    </ClInclude>
    <ClInclude Include="externals\GTAV-Classes\script\globals\GlobalPlayerBD.hpp">
      <Filter>Header Files</Filter>
    </ClInclude>
    <ClInclude Include="externals\GTAV-Classes\script\globals\GPBD_FM.hpp">
      <Filter>Header Files</Filter>
    </ClInclude>
    <ClInclude Include="externals\GTAV-Classes\script\globals\GPBD_FM_3.hpp">
      <Filter>Header Files</Filter>
    </ClInclude>
    <ClInclude Include="externals\GTAV-Classes\script\globals\GPBD_Kicking.hpp">
      <Filter>Header Files</Filter>
    </ClInclude>
    <ClInclude Include="externals\GTAV-Classes\script\globals\GPBD_MissionName.hpp">
      <Filter>Header Files</Filter>
    </ClInclude>
    <ClInclude Include="externals\GTAV-Classes\script\globals\GSBD.hpp">
      <Filter>Header Files</Filter>
    </ClInclude>
    <ClInclude Include="externals\GTAV-Classes\script\globals\GSBD_BlockB.hpp">
      <Filter>Header Files</Filter>
    </ClInclude>
    <ClInclude Include="externals\GTAV-Classes\script\globals\GSBD_FM.hpp">
      <Filter>Header Files</Filter>
    </ClInclude>
    <ClInclude Include="externals\GTAV-Classes\script\globals\GSBD_Kicking.hpp">
      <Filter>Header Files</Filter>
    </ClInclude>
    <ClInclude Include="externals\GTAV-Classes\script\globals\GSBD_PropertyInstances.hpp">
      <Filter>Header Files</Filter>
    </ClInclude>
    <ClInclude Include="externals\GTAV-Classes\script\CGameScriptObjInfo.hpp">
      <Filter>Header Files</Filter>
    </ClInclude>
    <ClInclude Include="externals\GTAV-Classes\script\dataList.hpp">
      <Filter>Header Files</Filter>
    </ClInclude>
    <ClInclude Include="externals\GTAV-Classes\script\GtaThread.hpp">
      <Filter>Header Files</Filter>
    </ClInclude>
    <ClInclude Include="externals\GTAV-Classes\script\HudColor.hpp">
      <Filter>Header Files</Filter>
    </ClInclude>
    <ClInclude Include="externals\GTAV-Classes\script\MPScriptData.hpp">
      <Filter>Header Files</Filter>
    </ClInclude>
    <ClInclude Include="externals\GTAV-Classes\script\scriptHandler.hpp">
      <Filter>Header Files</Filter>
    </ClInclude>
    <ClInclude Include="externals\GTAV-Classes\script\scriptHandlerMgr.hpp">
      <Filter>Header Files</Filter>
    </ClInclude>
    <ClInclude Include="externals\GTAV-Classes\script\scriptHandlerNetComponent.hpp">
      <Filter>Header Files</Filter>
    </ClInclude>
    <ClInclude Include="externals\GTAV-Classes\script\scriptId.hpp">
      <Filter>Header Files</Filter>
    </ClInclude>
    <ClInclude Include="externals\GTAV-Classes\script\scriptIdBase.hpp">
      <Filter>Header Files</Filter>
    </ClInclude>
    <ClInclude Include="externals\GTAV-Classes\script\scriptResource.hpp">
      <Filter>Header Files</Filter>
    </ClInclude>
    <ClInclude Include="externals\GTAV-Classes\script\scrNativeHandler.hpp">
      <Filter>Header Files</Filter>
    </ClInclude>
    <ClInclude Include="externals\GTAV-Classes\script\scrNativeRegistration.hpp">
      <Filter>Header Files</Filter>
    </ClInclude>
    <ClInclude Include="externals\GTAV-Classes\script\scrNativeRegistrationTable.hpp">
      <Filter>Header Files</Filter>
    </ClInclude>
    <ClInclude Include="externals\GTAV-Classes\script\scrProgram.hpp">
      <Filter>Header Files</Filter>
    </ClInclude>
    <ClInclude Include="externals\GTAV-Classes\script\scrProgramTable.hpp">
      <Filter>Header Files</Filter>
    </ClInclude>
    <ClInclude Include="externals\GTAV-Classes\script\scrProgramTableEntry.hpp">
      <Filter>Header Files</Filter>
    </ClInclude>
    <ClInclude Include="externals\GTAV-Classes\script\scrThread.hpp">
      <Filter>Header Files</Filter>
    </ClInclude>
    <ClInclude Include="externals\GTAV-Classes\script\scrThreadContext.hpp">
      <Filter>Header Files</Filter>
    </ClInclude>
    <ClInclude Include="externals\GTAV-Classes\script\scrVector.hpp">
      <Filter>Header Files</Filter>
    </ClInclude>
    <ClInclude Include="externals\GTAV-Classes\script\Timer.hpp">
      <Filter>Header Files</Filter>
    </ClInclude>
    <ClInclude Include="externals\GTAV-Classes\script\tlsContext.hpp">
      <Filter>Header Files</Filter>
    </ClInclude>
    <ClInclude Include="externals\GTAV-Classes\script\types.hpp">
      <Filter>Header Files</Filter>
    </ClInclude>
    <ClInclude Include="externals\GTAV-Classes\security\ObfVar.hpp">
      <Filter>Header Files</Filter>
    </ClInclude>
    <ClInclude Include="externals\GTAV-Classes\security\RageSecurity.hpp">
      <Filter>Header Files</Filter>
    </ClInclude>
    <ClInclude Include="externals\GTAV-Classes\socialclub\FriendInfo.hpp">
      <Filter>Header Files</Filter>
    </ClInclude>
    <ClInclude Include="externals\GTAV-Classes\socialclub\FriendRegistry.hpp">
      <Filter>Header Files</Filter>
    </ClInclude>
    <ClInclude Include="externals\GTAV-Classes\socialclub\ScInfo.hpp">
      <Filter>Header Files</Filter>
    </ClInclude>
    <ClInclude Include="externals\GTAV-Classes\stats\CPlayerCardStats.hpp">
      <Filter>Header Files</Filter>
    </ClInclude>
    <ClInclude Include="externals\GTAV-Classes\stats\CStatsSerializationContext.hpp">
      <Filter>Header Files</Filter>
    </ClInclude>
    <ClInclude Include="externals\GTAV-Classes\vehicle\CAdvancedData.hpp">
      <Filter>Header Files</Filter>
    </ClInclude>
    <ClInclude Include="externals\GTAV-Classes\vehicle\CBaseSubHandlingData.hpp">
      <Filter>Header Files</Filter>
    </ClInclude>
    <ClInclude Include="externals\GTAV-Classes\vehicle\CCarHandlingData.hpp">
      <Filter>Header Files</Filter>
    </ClInclude>
    <ClInclude Include="externals\GTAV-Classes\vehicle\CHandlingData.hpp">
      <Filter>Header Files</Filter>
    </ClInclude>
    <ClInclude Include="externals\GTAV-Classes\vehicle\CHandlingObject.hpp">
      <Filter>Header Files</Filter>
    </ClInclude>
    <ClInclude Include="externals\GTAV-Classes\vehicle\CVehicle.hpp">
      <Filter>Header Files</Filter>
    </ClInclude>
    <ClInclude Include="externals\GTAV-Classes\vehicle\CVehicleModelInfo.hpp">
      <Filter>Header Files</Filter>
    </ClInclude>
    <ClInclude Include="externals\GTAV-Classes\weapon\CAmmoInfo.hpp">
      <Filter>Header Files</Filter>
    </ClInclude>
    <ClInclude Include="externals\GTAV-Classes\weapon\CAmmoProjectileInfo.hpp">
      <Filter>Header Files</Filter>
    </ClInclude>
    <ClInclude Include="externals\GTAV-Classes\weapon\CAmmoRocketInfo.hpp">
      <Filter>Header Files</Filter>
    </ClInclude>
    <ClInclude Include="externals\GTAV-Classes\weapon\CAmmoThrownInfo.hpp">
      <Filter>Header Files</Filter>
    </ClInclude>
    <ClInclude Include="externals\GTAV-Classes\weapon\CHomingRocketParams.hpp">
      <Filter>Header Files</Filter>
    </ClInclude>
    <ClInclude Include="externals\GTAV-Classes\weapon\CItemInfo.hpp">
      <Filter>Header Files</Filter>
    </ClInclude>
    <ClInclude Include="externals\GTAV-Classes\weapon\CWeaponBoneId.hpp">
      <Filter>Header Files</Filter>
    </ClInclude>
    <ClInclude Include="externals\GTAV-Classes\weapon\CWeaponInfo.hpp">
      <Filter>Header Files</Filter>
    </ClInclude>
    <ClInclude Include="source\hooking\hooks\protections\model_manager.hpp">
      <Filter>Header Files</Filter>
    </ClInclude>
    <ClInclude Include="source\misc\rid_joiner.hpp">
      <Filter>Header Files</Filter>
    </ClInclude>
  </ItemGroup>
  <ItemGroup>
    <ClCompile Include="source\dllmain.cpp">
      <Filter>Source Files</Filter>
    </ClCompile>
    <ClCompile Include="source\pch.cpp">
      <Filter>Source Files</Filter>
    </ClCompile>
    <ClCompile Include="source\logger\logger.cpp">
      <Filter>Source Files</Filter>
    </ClCompile>
    <ClCompile Include="source\patterns\scanner\pattern.cpp">
      <Filter>Source Files</Filter>
    </ClCompile>
    <ClCompile Include="source\patterns\patterns.cpp">
      <Filter>Source Files</Filter>
    </ClCompile>
    <ClCompile Include="source\renderer\renderer.cpp">
      <Filter>Source Files</Filter>
    </ClCompile>
    <ClCompile Include="source\interface\interface.cpp">
      <Filter>Source Files</Filter>
    </ClCompile>
    <ClCompile Include="source\interface\submenus\window.cpp">
      <Filter>Source Files</Filter>
    </ClCompile>
    <ClCompile Include="source\interface\widgets\submenu_buttons.cpp">
      <Filter>Source Files</Filter>
    </ClCompile>
    <ClCompile Include="source\hooking\hooks.cpp">
      <Filter>Source Files</Filter>
    </ClCompile>
    <ClCompile Include="source\hooking\hooks\wndproc.cpp">
      <Filter>Source Files</Filter>
    </ClCompile>
    <ClCompile Include="source\hooking\hooks\swapchain.cpp">
      <Filter>Source Files</Filter>
    </ClCompile>
    <ClCompile Include="source\hooking\hooks\set_cursor_pos.cpp">
      <Filter>Source Files</Filter>
    </ClCompile>
    <ClCompile Include="source\interface\fonts\title_font.cpp">
      <Filter>Source Files</Filter>
    </ClCompile>
    <ClCompile Include="source\interface\widgets\imgui_window.cpp">
      <Filter>Source Files</Filter>
    </ClCompile>
    <ClCompile Include="source\interface\submenus\local\local_main.cpp">
      <Filter>Source Files</Filter>
    </ClCompile>
    <ClCompile Include="source\interface\widgets\imgui_subtitle.cpp">
      <Filter>Source Files</Filter>
    </ClCompile>
    <ClCompile Include="source\interface\submenus\local\local_self.cpp">
      <Filter>Source Files</Filter>
    </ClCompile>
    <ClCompile Include="source\interface\widgets\imgui_submenu_selector.cpp">
      <Filter>Source Files</Filter>
    </ClCompile>
    <ClCompile Include="source\interface\widgets\imgui_child.cpp">
      <Filter>Source Files</Filter>
    </ClCompile>
    <ClCompile Include="source\interface\widgets\imgui_checkbox.cpp">
      <Filter>Source Files</Filter>
    </ClCompile>
    <ClCompile Include="source\interface\widgets\imgui_input_text.cpp">
      <Filter>Source Files</Filter>
    </ClCompile>
    <ClCompile Include="source\hooking\hooks\stat_get_int.cpp">
      <Filter>Source Files</Filter>
    </ClCompile>
    <ClCompile Include="source\fiber\fiber_pool.cpp">
      <Filter>Source Files</Filter>
    </ClCompile>
    <ClCompile Include="source\fiber\script.cpp">
      <Filter>Source Files</Filter>
    </ClCompile>
    <ClCompile Include="source\fiber\script_mgr.cpp">
      <Filter>Source Files</Filter>
    </ClCompile>
    <ClCompile Include="source\native\invoker.cpp">
      <Filter>Source Files</Filter>
    </ClCompile>
    <ClCompile Include="source\native\crossmap.cpp">
      <Filter>Source Files</Filter>
    </ClCompile>
    <ClCompile Include="source\interface\widgets\imgui_button.cpp">
      <Filter>Source Files</Filter>
    </ClCompile>
    <ClCompile Include="source\tick\menu_tick.cpp">
      <Filter>Source Files</Filter>
    </ClCompile>
    <ClCompile Include="source\tick\self_tick.cpp">
      <Filter>Source Files</Filter>
    </ClCompile>
    <ClCompile Include="source\interface\submenus\local\local_animations.cpp">
      <Filter>Source Files</Filter>
    </ClCompile>
    <ClCompile Include="source\interface\widgets\imgui_sliders.cpp">
      <Filter>Source Files</Filter>
    </ClCompile>
    <ClCompile Include="source\interface\widgets\imgui_subinfo.cpp">
      <Filter>Source Files</Filter>
    </ClCompile>
    <ClCompile Include="source\interface\submenus\local\local_combat.cpp">
      <Filter>Source Files</Filter>
    </ClCompile>
    <ClCompile Include="source\tick\weapon_tick.cpp">
      <Filter>Source Files</Filter>
    </ClCompile>
    <ClCompile Include="source\interface\fonts\trigger_bot_font.cpp">
      <Filter>Source Files</Filter>
    </ClCompile>
    <ClCompile Include="source\interface\submenus\local\local_world.cpp">
      <Filter>Source Files</Filter>
    </ClCompile>
    <ClCompile Include="source\interface\widgets\imgui_color_picker.cpp">
      <Filter>Source Files</Filter>
    </ClCompile>
    <ClCompile Include="source\interface\submenus\local\local_vfx.cpp">
      <Filter>Source Files</Filter>
    </ClCompile>
    <ClCompile Include="source\interface\widgets\imgui_column.cpp">
      <Filter>Source Files</Filter>
    </ClCompile>
    <ClCompile Include="source\tick\world_tick.cpp">
      <Filter>Source Files</Filter>
    </ClCompile>
    <ClCompile Include="source\interface\submenus\local\local_model.cpp">
      <Filter>Source Files</Filter>
    </ClCompile>
    <ClCompile Include="source\interface\submenus\local\local_outfit.cpp">
      <Filter>Source Files</Filter>
    </ClCompile>
    <ClCompile Include="source\interface\widgets\imgui_limited_int_slider.cpp">
      <Filter>Source Files</Filter>
    </ClCompile>
    <ClCompile Include="source\interface\widgets\imgui_button_folder.cpp">
      <Filter>Source Files</Filter>
    </ClCompile>
    <ClCompile Include="source\interface\submenus\vehicle\vehicle_spawn.cpp">
      <Filter>Source Files</Filter>
    </ClCompile>
    <ClCompile Include="source\interface\submenus\vehicle\vehicle_main.cpp">
      <Filter>Source Files</Filter>
    </ClCompile>
    <ClCompile Include="source\interface\submenus\network\network_main.cpp">
      <Filter>Source Files</Filter>
    </ClCompile>
    <ClCompile Include="source\interface\submenus\network\network_joins.cpp">
      <Filter>Source Files</Filter>
    </ClCompile>
    <ClCompile Include="source\hooking\hooks\protections\handle_join_reqeust.cpp">
      <Filter>Source Files</Filter>
    </ClCompile>
    <ClCompile Include="source\interface\submenus\teleport\teleport_main.cpp">
      <Filter>Source Files</Filter>
    </ClCompile>
    <ClCompile Include="source\interface\submenus\teleport\teleport_general.cpp">
      <Filter>Source Files</Filter>
    </ClCompile>
    <ClCompile Include="source\hooking\hooks\protections\steamroller_crash.cpp">
      <Filter>Source Files</Filter>
    </ClCompile>
    <ClCompile Include="source\interface\submenus\vehicle\vehicle_options.cpp">
      <Filter>Source Files</Filter>
    </ClCompile>
    <ClCompile Include="source\feature\feature.cpp">
      <Filter>Source Files</Filter>
    </ClCompile>
    <ClCompile Include="source\tick\global_feature_tick.cpp">
      <Filter>Source Files</Filter>
    </ClCompile>
    <ClCompile Include="source\tick\vehicle_tick.cpp">
      <Filter>Source Files</Filter>
    </ClCompile>
    <ClCompile Include="source\interface\submenus\vehicle\vehicle_handling.cpp">
      <Filter>Source Files</Filter>
    </ClCompile>
    <ClCompile Include="source\hooking\hooks\misc\check_weapon_group_type.cpp">
      <Filter>Source Files</Filter>
    </ClCompile>
    <ClCompile Include="source\interface\submenus\network\network_session.cpp">
      <Filter>Source Files</Filter>
    </ClCompile>
    <ClCompile Include="source\interface\notification\notification.cpp">
      <Filter>Source Files</Filter>
    </ClCompile>
    <ClCompile Include="source\interface\submenus\debug\debugging_main.cpp">
      <Filter>Source Files</Filter>
    </ClCompile>
    <ClCompile Include="source\interface\submenus\explore\explore_main.cpp">
      <Filter>Source Files</Filter>
    </ClCompile>
    <ClCompile Include="source\interface\submenus\history\history_main.cpp">
      <Filter>Source Files</Filter>
    </ClCompile>
    <ClCompile Include="source\hooking\hooks\protections\scripted_game_event.cpp">
      <Filter>Source Files</Filter>
    </ClCompile>
    <ClCompile Include="source\interface\submenus\players\players_main.cpp">
      <Filter>Source Files</Filter>
    </ClCompile>
    <ClCompile Include="source\interface\submenus\players\players_player_select.cpp">
      <Filter>Source Files</Filter>
    </ClCompile>
    <ClCompile Include="source\hooking\hooks\player\assign_physical_index.cpp">
      <Filter>Source Files</Filter>
    </ClCompile>
    <ClCompile Include="source\tick\players_tick.cpp">
      <Filter>Source Files</Filter>
    </ClCompile>
    <ClCompile Include="source\interface\submenus\players\players_selected_player.cpp">
      <Filter>Source Files</Filter>
    </ClCompile>
    <ClCompile Include="source\interface\submenus\players\selected_player_window.cpp">
      <Filter>Source Files</Filter>
    </ClCompile>
    <ClCompile Include="source\interface\util_windows\window_logger.cpp">
      <Filter>Source Files</Filter>
    </ClCompile>
    <ClCompile Include="source\interface\util_windows\player_notification_window.cpp">
      <Filter>Source Files</Filter>
    </ClCompile>
    <ClCompile Include="source\hooking\hooks\protections\increment_stat_event.cpp">
      <Filter>Source Files</Filter>
    </ClCompile>
    <ClCompile Include="source\interface\submenus\settings\settings_main.cpp">
      <Filter>Source Files</Filter>
    </ClCompile>
    <ClCompile Include="source\interface\submenus\settings\settings_custom.cpp">
      <Filter>Source Files</Filter>
    </ClCompile>
    <ClCompile Include="source\interface\submenus\settings\settings_language.cpp">
      <Filter>Source Files</Filter>
    </ClCompile>
    <ClCompile Include="source\interface\submenus\network\network_protections.cpp">
      <Filter>Source Files</Filter>
    </ClCompile>
    <ClCompile Include="source\interface\util_windows\window_overlay.cpp">
      <Filter>Source Files</Filter>
    </ClCompile>
    <ClCompile Include="source\interface\util_windows\welcome_window.cpp">
      <Filter>Source Files</Filter>
    </ClCompile>
    <ClCompile Include="source\interface\submenus\network\network_recovery.cpp">
      <Filter>Source Files</Filter>
    </ClCompile>
    <ClCompile Include="source\interface\util_windows\tab_window.cpp">
      <Filter>Source Files</Filter>
    </ClCompile>
    <ClCompile Include="source\logger\exception_handler.cpp">
      <Filter>Source Files</Filter>
    </ClCompile>
    <ClCompile Include="source\hooking\hooks\misc\write_train_game_state_data_node.cpp">
      <Filter>Source Files</Filter>
    </ClCompile>
    <ClCompile Include="source\interface\util_windows\window_stats.cpp">
      <Filter>Source Files</Filter>
    </ClCompile>
    <ClCompile Include="source\interface\submenus\vehicle\vehicle_speedometer.cpp">
      <Filter>Source Files</Filter>
    </ClCompile>
    <ClCompile Include="source\hooking\hooks\anticheat\construct_net_event.cpp">
      <Filter>Source Files</Filter>
    </ClCompile>
    <ClCompile Include="source\hooking\hooks\misc\send_http_request.cpp">
      <Filter>Source Files</Filter>
    </ClCompile>
    <ClCompile Include="source\interface\submenus\network\network_network.cpp">
      <Filter>Source Files</Filter>
    </ClCompile>
    <ClCompile Include="source\hooking\hooks\protections\data_node_readers.cpp">
      <Filter>Source Files</Filter>
    </ClCompile>
    <ClCompile Include="source\hooking\hooks\protections\model_manager.cpp">
      <Filter>Source Files</Filter>
    </ClCompile>
    <ClCompile Include="source\hooking\hooks\protections\clone_create.cpp">
      <Filter>Source Files</Filter>
    </ClCompile>
  </ItemGroup>
</Project>